
Microsoft Visual Studio Solution File, Format Version 12.00
# Visual Studio Version 17
VisualStudioVersion = 17.6.33815.320
MinimumVisualStudioVersion = 10.0.40219.1
Project("{FAE04EC0-301F-11D3-BF4B-00C04F79EFBC}") = "C#web", "C#web\C#web.csproj", "{893C1F61-0B83-4D44-8687-91EE40F02591}"
EndProject
Global
	GlobalSection(SolutionConfigurationPlatforms) = preSolution
		Debug|Any CPU = Debug|Any CPU
		Release|Any CPU = Release|Any CPU
	EndGlobalSection
	GlobalSection(ProjectConfigurationPlatforms) = postSolution
		{893C1F61-0B83-4D44-8687-91EE40F02591}.Debug|Any CPU.ActiveCfg = Debug|Any CPU
		{893C1F61-0B83-4D44-8687-91EE40F02591}.Debug|Any CPU.Build.0 = Debug|Any CPU
		{893C1F61-0B83-4D44-8687-91EE40F02591}.Release|Any CPU.ActiveCfg = Release|Any CPU
		{893C1F61-0B83-4D44-8687-91EE40F02591}.Release|Any CPU.Build.0 = Release|Any CPU
	EndGlobalSection
	GlobalSection(SolutionProperties) = preSolution
		HideSolutionNode = FALSE
	EndGlobalSection
	GlobalSection(ExtensibilityGlobals) = postSolution
		SolutionGuid = {77227E4E-EB21-4047-A2EA-9A48EAEB04D9}
	EndGlobalSection
EndGlobal
