
Microsoft Visual Studio Solution File, Format Version 12.00
# Visual Studio Version 17
VisualStudioVersion = 17.6.33815.320
MinimumVisualStudioVersion = 10.0.40219.1
Project("{FAE04EC0-301F-11D3-BF4B-00C04F79EFBC}") = "c#", "c#\c#.csproj", "{A00BB5C0-8806-48E2-9005-CC558FBD86E4}"
EndProject
Global
	GlobalSection(SolutionConfigurationPlatforms) = preSolution
		Debug|Any CPU = Debug|Any CPU
		Release|Any CPU = Release|Any CPU
	EndGlobalSection
	GlobalSection(ProjectConfigurationPlatforms) = postSolution
		{A00BB5C0-8806-48E2-9005-CC558FBD86E4}.Debug|Any CPU.ActiveCfg = Debug|Any CPU
		{A00BB5C0-8806-48E2-9005-CC558FBD86E4}.Debug|Any CPU.Build.0 = Debug|Any CPU
		{A00BB5C0-8806-48E2-9005-CC558FBD86E4}.Release|Any CPU.ActiveCfg = Release|Any CPU
		{A00BB5C0-8806-48E2-9005-CC558FBD86E4}.Release|Any CPU.Build.0 = Release|Any CPU
	EndGlobalSection
	GlobalSection(SolutionProperties) = preSolution
		HideSolutionNode = FALSE
	EndGlobalSection
	GlobalSection(ExtensibilityGlobals) = postSolution
		SolutionGuid = {83F9B03D-476E-4D37-9F3E-312EA4872C57}
	EndGlobalSection
EndGlobal
